
Microsoft Visual Studio Solution File, Format Version 12.00
Project("{FAE04EC0-301F-11D3-BF4B-00C04F79EFBC}") = "FastConsole", "FastConsole\FastConsole.csproj", "{305D0D28-620A-4679-88DC-FD15BCCEC39F}"
EndProject
Project("{FAE04EC0-301F-11D3-BF4B-00C04F79EFBC}") = "FastScratchFramework", "FastScratchFramework\FastScratchFramework.csproj", "{BC1A497E-2C06-4B9C-B466-98810D0C4F57}"
EndProject
Project("{FAE04EC0-301F-11D3-BF4B-00C04F79EFBC}") = "KafkaAdmin", "KafkaAdmin\KafkaAdmin.csproj", "{63FAB476-6780-4013-8907-B5227A854DC0}"
EndProject
Project("{2150E333-8FDC-42A3-9474-1A3956D46DE8}") = "Kafka", "Kafka", "{6BDC5429-4736-4E42-A99C-84AAB2080703}"
EndProject
Project("{FAE04EC0-301F-11D3-BF4B-00C04F79EFBC}") = "KafkaConsumerProducer", "KafkaConsumerProducer\KafkaConsumerProducer.csproj", "{2F787133-2F00-413E-93C7-C05624A7F0D0}"
EndProject
Project("{2150E333-8FDC-42A3-9474-1A3956D46DE8}") = "Web", "Web", "{0378BADB-85B3-4318-9C1E-EA56961961D4}"
EndProject
Project("{FAE04EC0-301F-11D3-BF4B-00C04F79EFBC}") = "FastApi", "FastApi\FastApi.csproj", "{072D201D-20AA-413F-878A-E9D7E586588F}"
EndProject
Project("{FAE04EC0-301F-11D3-BF4B-00C04F79EFBC}") = "FastApi.Tests", "FastApi.Tests\FastApi.Tests.csproj", "{EFAEE491-6909-401F-A488-3FAA0EBA5E80}"
EndProject
Project("{FAE04EC0-301F-11D3-BF4B-00C04F79EFBC}") = "KafkaProucer", "KafkaProucer\KafkaProucer.csproj", "{859BFE12-A0BD-4A60-922F-3321FFD09C65}"
EndProject
Project("{FAE04EC0-301F-11D3-BF4B-00C04F79EFBC}") = "KafkaConsumer", "KafkaConsumer\KafkaConsumer.csproj", "{8EAE4A52-2892-4683-877A-03091E5BCA3D}"
EndProject
Project("{FAE04EC0-301F-11D3-BF4B-00C04F79EFBC}") = "Elastic", "Elastic\Elastic.csproj", "{5C958870-2836-4D77-9FEF-24355035E382}"
EndProject
Project("{FAE04EC0-301F-11D3-BF4B-00C04F79EFBC}") = "excel", "excel\excel.csproj", "{8A43E12D-E45E-487B-87EF-B6589530A210}"
EndProject
Project("{FAE04EC0-301F-11D3-BF4B-00C04F79EFBC}") = "PdfFramework", "PdfFramework\PdfFramework.csproj", "{B00323D2-13FC-4EA9-92D5-93332DC3F9D1}"
EndProject
Project("{2150E333-8FDC-42A3-9474-1A3956D46DE8}") = "Ignite", "Ignite", "{CFBBF605-68FE-44DE-944C-DCAC8D6D03BD}"
EndProject
Project("{FAE04EC0-301F-11D3-BF4B-00C04F79EFBC}") = "Node", "Ignite\Node\Node.csproj", "{C1ABA5DD-39B1-461C-907F-2DA713BC87BB}"
EndProject
Project("{FAE04EC0-301F-11D3-BF4B-00C04F79EFBC}") = "Client", "Ignite\Client\Client.csproj", "{E1178729-627C-40C1-B27B-39B5D54DC9F2}"
EndProject
Project("{FAE04EC0-301F-11D3-BF4B-00C04F79EFBC}") = "Gitlibdemo", "Gitlibdemo\Gitlibdemo.csproj", "{01287BCB-5D99-4D55-98C2-25CAD18D35C1}"
EndProject
Global
	GlobalSection(SolutionConfigurationPlatforms) = preSolution
		Debug|Any CPU = Debug|Any CPU
		Release|Any CPU = Release|Any CPU
	EndGlobalSection
	GlobalSection(ProjectConfigurationPlatforms) = postSolution
		{305D0D28-620A-4679-88DC-FD15BCCEC39F}.Debug|Any CPU.ActiveCfg = Debug|Any CPU
		{305D0D28-620A-4679-88DC-FD15BCCEC39F}.Debug|Any CPU.Build.0 = Debug|Any CPU
		{305D0D28-620A-4679-88DC-FD15BCCEC39F}.Release|Any CPU.ActiveCfg = Release|Any CPU
		{305D0D28-620A-4679-88DC-FD15BCCEC39F}.Release|Any CPU.Build.0 = Release|Any CPU
		{BC1A497E-2C06-4B9C-B466-98810D0C4F57}.Debug|Any CPU.ActiveCfg = Debug|Any CPU
		{BC1A497E-2C06-4B9C-B466-98810D0C4F57}.Debug|Any CPU.Build.0 = Debug|Any CPU
		{BC1A497E-2C06-4B9C-B466-98810D0C4F57}.Release|Any CPU.ActiveCfg = Release|Any CPU
		{BC1A497E-2C06-4B9C-B466-98810D0C4F57}.Release|Any CPU.Build.0 = Release|Any CPU
		{63FAB476-6780-4013-8907-B5227A854DC0}.Debug|Any CPU.ActiveCfg = Debug|Any CPU
		{63FAB476-6780-4013-8907-B5227A854DC0}.Debug|Any CPU.Build.0 = Debug|Any CPU
		{63FAB476-6780-4013-8907-B5227A854DC0}.Release|Any CPU.ActiveCfg = Release|Any CPU
		{63FAB476-6780-4013-8907-B5227A854DC0}.Release|Any CPU.Build.0 = Release|Any CPU
		{2F787133-2F00-413E-93C7-C05624A7F0D0}.Debug|Any CPU.ActiveCfg = Debug|Any CPU
		{2F787133-2F00-413E-93C7-C05624A7F0D0}.Debug|Any CPU.Build.0 = Debug|Any CPU
		{2F787133-2F00-413E-93C7-C05624A7F0D0}.Release|Any CPU.ActiveCfg = Release|Any CPU
		{2F787133-2F00-413E-93C7-C05624A7F0D0}.Release|Any CPU.Build.0 = Release|Any CPU
		{072D201D-20AA-413F-878A-E9D7E586588F}.Debug|Any CPU.ActiveCfg = Debug|Any CPU
		{072D201D-20AA-413F-878A-E9D7E586588F}.Debug|Any CPU.Build.0 = Debug|Any CPU
		{072D201D-20AA-413F-878A-E9D7E586588F}.Release|Any CPU.ActiveCfg = Release|Any CPU
		{072D201D-20AA-413F-878A-E9D7E586588F}.Release|Any CPU.Build.0 = Release|Any CPU
		{EFAEE491-6909-401F-A488-3FAA0EBA5E80}.Debug|Any CPU.ActiveCfg = Debug|Any CPU
		{EFAEE491-6909-401F-A488-3FAA0EBA5E80}.Debug|Any CPU.Build.0 = Debug|Any CPU
		{EFAEE491-6909-401F-A488-3FAA0EBA5E80}.Release|Any CPU.ActiveCfg = Release|Any CPU
		{EFAEE491-6909-401F-A488-3FAA0EBA5E80}.Release|Any CPU.Build.0 = Release|Any CPU
		{8D1FD866-204B-477B-B57B-B2E17C8B35B7}.Debug|Any CPU.ActiveCfg = Debug|Any CPU
		{8D1FD866-204B-477B-B57B-B2E17C8B35B7}.Debug|Any CPU.Build.0 = Debug|Any CPU
		{8D1FD866-204B-477B-B57B-B2E17C8B35B7}.Release|Any CPU.ActiveCfg = Release|Any CPU
		{8D1FD866-204B-477B-B57B-B2E17C8B35B7}.Release|Any CPU.Build.0 = Release|Any CPU
		{859BFE12-A0BD-4A60-922F-3321FFD09C65}.Debug|Any CPU.ActiveCfg = Debug|Any CPU
		{859BFE12-A0BD-4A60-922F-3321FFD09C65}.Debug|Any CPU.Build.0 = Debug|Any CPU
		{859BFE12-A0BD-4A60-922F-3321FFD09C65}.Release|Any CPU.ActiveCfg = Release|Any CPU
		{859BFE12-A0BD-4A60-922F-3321FFD09C65}.Release|Any CPU.Build.0 = Release|Any CPU
		{8EAE4A52-2892-4683-877A-03091E5BCA3D}.Debug|Any CPU.ActiveCfg = Debug|Any CPU
		{8EAE4A52-2892-4683-877A-03091E5BCA3D}.Debug|Any CPU.Build.0 = Debug|Any CPU
		{8EAE4A52-2892-4683-877A-03091E5BCA3D}.Release|Any CPU.ActiveCfg = Release|Any CPU
		{8EAE4A52-2892-4683-877A-03091E5BCA3D}.Release|Any CPU.Build.0 = Release|Any CPU
		{5C958870-2836-4D77-9FEF-24355035E382}.Debug|Any CPU.ActiveCfg = Debug|Any CPU
		{5C958870-2836-4D77-9FEF-24355035E382}.Debug|Any CPU.Build.0 = Debug|Any CPU
		{5C958870-2836-4D77-9FEF-24355035E382}.Release|Any CPU.ActiveCfg = Release|Any CPU
		{5C958870-2836-4D77-9FEF-24355035E382}.Release|Any CPU.Build.0 = Release|Any CPU
		{8A43E12D-E45E-487B-87EF-B6589530A210}.Debug|Any CPU.ActiveCfg = Debug|Any CPU
		{8A43E12D-E45E-487B-87EF-B6589530A210}.Debug|Any CPU.Build.0 = Debug|Any CPU
		{8A43E12D-E45E-487B-87EF-B6589530A210}.Release|Any CPU.ActiveCfg = Release|Any CPU
		{8A43E12D-E45E-487B-87EF-B6589530A210}.Release|Any CPU.Build.0 = Release|Any CPU
		{B00323D2-13FC-4EA9-92D5-93332DC3F9D1}.Debug|Any CPU.ActiveCfg = Debug|Any CPU
		{B00323D2-13FC-4EA9-92D5-93332DC3F9D1}.Debug|Any CPU.Build.0 = Debug|Any CPU
		{B00323D2-13FC-4EA9-92D5-93332DC3F9D1}.Release|Any CPU.ActiveCfg = Release|Any CPU
		{B00323D2-13FC-4EA9-92D5-93332DC3F9D1}.Release|Any CPU.Build.0 = Release|Any CPU
		{C1ABA5DD-39B1-461C-907F-2DA713BC87BB}.Debug|Any CPU.ActiveCfg = Debug|Any CPU
		{C1ABA5DD-39B1-461C-907F-2DA713BC87BB}.Debug|Any CPU.Build.0 = Debug|Any CPU
		{C1ABA5DD-39B1-461C-907F-2DA713BC87BB}.Release|Any CPU.ActiveCfg = Release|Any CPU
		{C1ABA5DD-39B1-461C-907F-2DA713BC87BB}.Release|Any CPU.Build.0 = Release|Any CPU
		{E1178729-627C-40C1-B27B-39B5D54DC9F2}.Debug|Any CPU.ActiveCfg = Debug|Any CPU
		{E1178729-627C-40C1-B27B-39B5D54DC9F2}.Debug|Any CPU.Build.0 = Debug|Any CPU
		{E1178729-627C-40C1-B27B-39B5D54DC9F2}.Release|Any CPU.ActiveCfg = Release|Any CPU
		{E1178729-627C-40C1-B27B-39B5D54DC9F2}.Release|Any CPU.Build.0 = Release|Any CPU
		{01287BCB-5D99-4D55-98C2-25CAD18D35C1}.Debug|Any CPU.ActiveCfg = Debug|Any CPU
		{01287BCB-5D99-4D55-98C2-25CAD18D35C1}.Debug|Any CPU.Build.0 = Debug|Any CPU
		{01287BCB-5D99-4D55-98C2-25CAD18D35C1}.Release|Any CPU.ActiveCfg = Release|Any CPU
		{01287BCB-5D99-4D55-98C2-25CAD18D35C1}.Release|Any CPU.Build.0 = Release|Any CPU
	EndGlobalSection
	GlobalSection(NestedProjects) = preSolution
		{63FAB476-6780-4013-8907-B5227A854DC0} = {6BDC5429-4736-4E42-A99C-84AAB2080703}
		{2F787133-2F00-413E-93C7-C05624A7F0D0} = {6BDC5429-4736-4E42-A99C-84AAB2080703}
		{072D201D-20AA-413F-878A-E9D7E586588F} = {0378BADB-85B3-4318-9C1E-EA56961961D4}
		{EFAEE491-6909-401F-A488-3FAA0EBA5E80} = {0378BADB-85B3-4318-9C1E-EA56961961D4}
		{859BFE12-A0BD-4A60-922F-3321FFD09C65} = {6BDC5429-4736-4E42-A99C-84AAB2080703}
		{8EAE4A52-2892-4683-877A-03091E5BCA3D} = {6BDC5429-4736-4E42-A99C-84AAB2080703}
		{C1ABA5DD-39B1-461C-907F-2DA713BC87BB} = {CFBBF605-68FE-44DE-944C-DCAC8D6D03BD}
		{E1178729-627C-40C1-B27B-39B5D54DC9F2} = {CFBBF605-68FE-44DE-944C-DCAC8D6D03BD}
	EndGlobalSection
EndGlobal
