
Microsoft Visual Studio Solution File, Format Version 12.00
Project("{FAE04EC0-301F-11D3-BF4B-00C04F79EFBC}") = "FastConsole", "FastConsole\FastConsole.csproj", "{305D0D28-620A-4679-88DC-FD15BCCEC39F}"
EndProject
Project("{FAE04EC0-301F-11D3-BF4B-00C04F79EFBC}") = "FastScratchFramework", "FastScratchFramework\FastScratchFramework.csproj", "{BC1A497E-2C06-4B9C-B466-98810D0C4F57}"
EndProject
Project("{FAE04EC0-301F-11D3-BF4B-00C04F79EFBC}") = "KafkaAdmin", "KafkaAdmin\KafkaAdmin.csproj", "{63FAB476-6780-4013-8907-B5227A854DC0}"
EndProject
Project("{2150E333-8FDC-42A3-9474-1A3956D46DE8}") = "Kafka", "Kafka", "{6BDC5429-4736-4E42-A99C-84AAB2080703}"
EndProject
Project("{FAE04EC0-301F-11D3-BF4B-00C04F79EFBC}") = "KafkaConsumerProducer", "KafkaConsumerProducer\KafkaConsumerProducer.csproj", "{2F787133-2F00-413E-93C7-C05624A7F0D0}"
EndProject
Project("{2150E333-8FDC-42A3-9474-1A3956D46DE8}") = "Web", "Web", "{0378BADB-85B3-4318-9C1E-EA56961961D4}"
EndProject
Project("{FAE04EC0-301F-11D3-BF4B-00C04F79EFBC}") = "FastApi", "FastApi\FastApi.csproj", "{072D201D-20AA-413F-878A-E9D7E586588F}"
EndProject
Project("{FAE04EC0-301F-11D3-BF4B-00C04F79EFBC}") = "FastApi.Tests", "FastApi.Tests\FastApi.Tests.csproj", "{EFAEE491-6909-401F-A488-3FAA0EBA5E80}"
EndProject
Project("{FAE04EC0-301F-11D3-BF4B-00C04F79EFBC}") = "KafkaProucer", "KafkaProucer\KafkaProucer.csproj", "{859BFE12-A0BD-4A60-922F-3321FFD09C65}"
EndProject
Project("{FAE04EC0-301F-11D3-BF4B-00C04F79EFBC}") = "KafkaConsumer", "KafkaConsumer\KafkaConsumer.csproj", "{8EAE4A52-2892-4683-877A-03091E5BCA3D}"
EndProject
Project("{FAE04EC0-301F-11D3-BF4B-00C04F79EFBC}") = "Elastic", "Elastic\Elastic.csproj", "{5C958870-2836-4D77-9FEF-24355035E382}"
EndProject
Project("{FAE04EC0-301F-11D3-BF4B-00C04F79EFBC}") = "excel", "excel\excel.csproj", "{8A43E12D-E45E-487B-87EF-B6589530A210}"
EndProject
Project("{2150E333-8FDC-42A3-9474-1A3956D46DE8}") = "Ignite", "Ignite", "{CFBBF605-68FE-44DE-944C-DCAC8D6D03BD}"
EndProject
Project("{FAE04EC0-301F-11D3-BF4B-00C04F79EFBC}") = "Node", "Ignite\Node\Node.csproj", "{C1ABA5DD-39B1-461C-907F-2DA713BC87BB}"
EndProject
Project("{FAE04EC0-301F-11D3-BF4B-00C04F79EFBC}") = "Client", "Ignite\Client\Client.csproj", "{E1178729-627C-40C1-B27B-39B5D54DC9F2}"
EndProject
Project("{FAE04EC0-301F-11D3-BF4B-00C04F79EFBC}") = "Gitlibdemo", "Gitlibdemo\Gitlibdemo.csproj", "{01287BCB-5D99-4D55-98C2-25CAD18D35C1}"
EndProject
Project("{FAE04EC0-301F-11D3-BF4B-00C04F79EFBC}") = "GoogleOAuthCheck", "GoogleOAuthCheck\GoogleOAuthCheck.csproj", "{DFEAFD3D-49B1-48FE-B296-01F1E1DD63D7}"
EndProject
Project("{FAE04EC0-301F-11D3-BF4B-00C04F79EFBC}") = "DiskSpaceTesting", "DiskSpaceTesting\DiskSpaceTesting.csproj", "{119E44DB-8A7C-4C71-A58E-2A9F94A7E1F6}"
EndProject
Project("{FAE04EC0-301F-11D3-BF4B-00C04F79EFBC}") = "ArchiveTestingNET7", "ArchiveTestingNET7\ArchiveTestingNET7.csproj", "{57FF2E32-D4A6-4474-A44E-37BF25A068AD}"
EndProject
Project("{FAE04EC0-301F-11D3-BF4B-00C04F79EFBC}") = "DiskMemoryEater", "DiskMemoryEater\DiskMemoryEater.csproj", "{54BDEC4F-0823-4C28-B8CF-E30EC4188B33}"
EndProject
Project("{FAE04EC0-301F-11D3-BF4B-00C04F79EFBC}") = "CheckFileExist", "CheckFileExist\CheckFileExist.csproj", "{51A14F92-221D-433F-AF00-7810EE3725EA}"
EndProject
Project("{FAE04EC0-301F-11D3-BF4B-00C04F79EFBC}") = "Aliasrfegex", "Aliasrfegex\Aliasrfegex.csproj", "{ECC88C41-63DD-4224-BBE6-586D49642DA3}"
EndProject
Project("{FAE04EC0-301F-11D3-BF4B-00C04F79EFBC}") = "NlogTesting", "NlogTesting\NlogTesting.csproj", "{9718011A-A622-426E-B3C9-87A7C0EB4749}"
EndProject
Project("{FAE04EC0-301F-11D3-BF4B-00C04F79EFBC}") = "DockerEnvPass", "DockerEnvPass\DockerEnvPass.csproj", "{C5ED2D57-15EF-4411-9529-9A9F97C11257}"
EndProject
Project("{FAE04EC0-301F-11D3-BF4B-00C04F79EFBC}") = "ThreadsTesting", "ThreadsTesting\ThreadsTesting.csproj", "{C5476D3F-5C65-46AA-92B1-788315A63C75}"
EndProject
Project("{FAE04EC0-301F-11D3-BF4B-00C04F79EFBC}") = "WsdlTesting", "WsdlTesting\WsdlTesting.csproj", "{387C5956-FED7-46EB-992E-FD81F56B4D9D}"
EndProject
Project("{FAE04EC0-301F-11D3-BF4B-00C04F79EFBC}") = "WsdlLib", "WsdlLib\WsdlLib.csproj", "{A5A2C7AE-F25D-437B-9FE7-55BA3EA31765}"
EndProject
Global
	GlobalSection(SolutionConfigurationPlatforms) = preSolution
		Debug|Any CPU = Debug|Any CPU
		Release|Any CPU = Release|Any CPU
	EndGlobalSection
	GlobalSection(ProjectConfigurationPlatforms) = postSolution
		{305D0D28-620A-4679-88DC-FD15BCCEC39F}.Debug|Any CPU.ActiveCfg = Debug|Any CPU
		{305D0D28-620A-4679-88DC-FD15BCCEC39F}.Debug|Any CPU.Build.0 = Debug|Any CPU
		{305D0D28-620A-4679-88DC-FD15BCCEC39F}.Release|Any CPU.ActiveCfg = Release|Any CPU
		{305D0D28-620A-4679-88DC-FD15BCCEC39F}.Release|Any CPU.Build.0 = Release|Any CPU
		{BC1A497E-2C06-4B9C-B466-98810D0C4F57}.Debug|Any CPU.ActiveCfg = Debug|Any CPU
		{BC1A497E-2C06-4B9C-B466-98810D0C4F57}.Debug|Any CPU.Build.0 = Debug|Any CPU
		{BC1A497E-2C06-4B9C-B466-98810D0C4F57}.Release|Any CPU.ActiveCfg = Release|Any CPU
		{BC1A497E-2C06-4B9C-B466-98810D0C4F57}.Release|Any CPU.Build.0 = Release|Any CPU
		{63FAB476-6780-4013-8907-B5227A854DC0}.Debug|Any CPU.ActiveCfg = Debug|Any CPU
		{63FAB476-6780-4013-8907-B5227A854DC0}.Debug|Any CPU.Build.0 = Debug|Any CPU
		{63FAB476-6780-4013-8907-B5227A854DC0}.Release|Any CPU.ActiveCfg = Release|Any CPU
		{63FAB476-6780-4013-8907-B5227A854DC0}.Release|Any CPU.Build.0 = Release|Any CPU
		{2F787133-2F00-413E-93C7-C05624A7F0D0}.Debug|Any CPU.ActiveCfg = Debug|Any CPU
		{2F787133-2F00-413E-93C7-C05624A7F0D0}.Debug|Any CPU.Build.0 = Debug|Any CPU
		{2F787133-2F00-413E-93C7-C05624A7F0D0}.Release|Any CPU.ActiveCfg = Release|Any CPU
		{2F787133-2F00-413E-93C7-C05624A7F0D0}.Release|Any CPU.Build.0 = Release|Any CPU
		{072D201D-20AA-413F-878A-E9D7E586588F}.Debug|Any CPU.ActiveCfg = Debug|Any CPU
		{072D201D-20AA-413F-878A-E9D7E586588F}.Debug|Any CPU.Build.0 = Debug|Any CPU
		{072D201D-20AA-413F-878A-E9D7E586588F}.Release|Any CPU.ActiveCfg = Release|Any CPU
		{072D201D-20AA-413F-878A-E9D7E586588F}.Release|Any CPU.Build.0 = Release|Any CPU
		{EFAEE491-6909-401F-A488-3FAA0EBA5E80}.Debug|Any CPU.ActiveCfg = Debug|Any CPU
		{EFAEE491-6909-401F-A488-3FAA0EBA5E80}.Debug|Any CPU.Build.0 = Debug|Any CPU
		{EFAEE491-6909-401F-A488-3FAA0EBA5E80}.Release|Any CPU.ActiveCfg = Release|Any CPU
		{EFAEE491-6909-401F-A488-3FAA0EBA5E80}.Release|Any CPU.Build.0 = Release|Any CPU
		{8D1FD866-204B-477B-B57B-B2E17C8B35B7}.Debug|Any CPU.ActiveCfg = Debug|Any CPU
		{8D1FD866-204B-477B-B57B-B2E17C8B35B7}.Debug|Any CPU.Build.0 = Debug|Any CPU
		{8D1FD866-204B-477B-B57B-B2E17C8B35B7}.Release|Any CPU.ActiveCfg = Release|Any CPU
		{8D1FD866-204B-477B-B57B-B2E17C8B35B7}.Release|Any CPU.Build.0 = Release|Any CPU
		{859BFE12-A0BD-4A60-922F-3321FFD09C65}.Debug|Any CPU.ActiveCfg = Debug|Any CPU
		{859BFE12-A0BD-4A60-922F-3321FFD09C65}.Debug|Any CPU.Build.0 = Debug|Any CPU
		{859BFE12-A0BD-4A60-922F-3321FFD09C65}.Release|Any CPU.ActiveCfg = Release|Any CPU
		{859BFE12-A0BD-4A60-922F-3321FFD09C65}.Release|Any CPU.Build.0 = Release|Any CPU
		{8EAE4A52-2892-4683-877A-03091E5BCA3D}.Debug|Any CPU.ActiveCfg = Debug|Any CPU
		{8EAE4A52-2892-4683-877A-03091E5BCA3D}.Debug|Any CPU.Build.0 = Debug|Any CPU
		{8EAE4A52-2892-4683-877A-03091E5BCA3D}.Release|Any CPU.ActiveCfg = Release|Any CPU
		{8EAE4A52-2892-4683-877A-03091E5BCA3D}.Release|Any CPU.Build.0 = Release|Any CPU
		{5C958870-2836-4D77-9FEF-24355035E382}.Debug|Any CPU.ActiveCfg = Debug|Any CPU
		{5C958870-2836-4D77-9FEF-24355035E382}.Debug|Any CPU.Build.0 = Debug|Any CPU
		{5C958870-2836-4D77-9FEF-24355035E382}.Release|Any CPU.ActiveCfg = Release|Any CPU
		{5C958870-2836-4D77-9FEF-24355035E382}.Release|Any CPU.Build.0 = Release|Any CPU
		{8A43E12D-E45E-487B-87EF-B6589530A210}.Debug|Any CPU.ActiveCfg = Debug|Any CPU
		{8A43E12D-E45E-487B-87EF-B6589530A210}.Debug|Any CPU.Build.0 = Debug|Any CPU
		{8A43E12D-E45E-487B-87EF-B6589530A210}.Release|Any CPU.ActiveCfg = Release|Any CPU
		{8A43E12D-E45E-487B-87EF-B6589530A210}.Release|Any CPU.Build.0 = Release|Any CPU
		{C1ABA5DD-39B1-461C-907F-2DA713BC87BB}.Debug|Any CPU.ActiveCfg = Debug|Any CPU
		{C1ABA5DD-39B1-461C-907F-2DA713BC87BB}.Debug|Any CPU.Build.0 = Debug|Any CPU
		{C1ABA5DD-39B1-461C-907F-2DA713BC87BB}.Release|Any CPU.ActiveCfg = Release|Any CPU
		{C1ABA5DD-39B1-461C-907F-2DA713BC87BB}.Release|Any CPU.Build.0 = Release|Any CPU
		{E1178729-627C-40C1-B27B-39B5D54DC9F2}.Debug|Any CPU.ActiveCfg = Debug|Any CPU
		{E1178729-627C-40C1-B27B-39B5D54DC9F2}.Debug|Any CPU.Build.0 = Debug|Any CPU
		{E1178729-627C-40C1-B27B-39B5D54DC9F2}.Release|Any CPU.ActiveCfg = Release|Any CPU
		{E1178729-627C-40C1-B27B-39B5D54DC9F2}.Release|Any CPU.Build.0 = Release|Any CPU
		{01287BCB-5D99-4D55-98C2-25CAD18D35C1}.Debug|Any CPU.ActiveCfg = Debug|Any CPU
		{01287BCB-5D99-4D55-98C2-25CAD18D35C1}.Debug|Any CPU.Build.0 = Debug|Any CPU
		{01287BCB-5D99-4D55-98C2-25CAD18D35C1}.Release|Any CPU.ActiveCfg = Release|Any CPU
		{01287BCB-5D99-4D55-98C2-25CAD18D35C1}.Release|Any CPU.Build.0 = Release|Any CPU
		{DFEAFD3D-49B1-48FE-B296-01F1E1DD63D7}.Debug|Any CPU.ActiveCfg = Debug|Any CPU
		{DFEAFD3D-49B1-48FE-B296-01F1E1DD63D7}.Debug|Any CPU.Build.0 = Debug|Any CPU
		{DFEAFD3D-49B1-48FE-B296-01F1E1DD63D7}.Release|Any CPU.ActiveCfg = Release|Any CPU
		{DFEAFD3D-49B1-48FE-B296-01F1E1DD63D7}.Release|Any CPU.Build.0 = Release|Any CPU
		{119E44DB-8A7C-4C71-A58E-2A9F94A7E1F6}.Debug|Any CPU.ActiveCfg = Debug|Any CPU
		{119E44DB-8A7C-4C71-A58E-2A9F94A7E1F6}.Debug|Any CPU.Build.0 = Debug|Any CPU
		{119E44DB-8A7C-4C71-A58E-2A9F94A7E1F6}.Release|Any CPU.ActiveCfg = Release|Any CPU
		{119E44DB-8A7C-4C71-A58E-2A9F94A7E1F6}.Release|Any CPU.Build.0 = Release|Any CPU
		{57FF2E32-D4A6-4474-A44E-37BF25A068AD}.Debug|Any CPU.ActiveCfg = Debug|Any CPU
		{57FF2E32-D4A6-4474-A44E-37BF25A068AD}.Debug|Any CPU.Build.0 = Debug|Any CPU
		{57FF2E32-D4A6-4474-A44E-37BF25A068AD}.Release|Any CPU.ActiveCfg = Release|Any CPU
		{57FF2E32-D4A6-4474-A44E-37BF25A068AD}.Release|Any CPU.Build.0 = Release|Any CPU
		{54BDEC4F-0823-4C28-B8CF-E30EC4188B33}.Debug|Any CPU.ActiveCfg = Debug|Any CPU
		{54BDEC4F-0823-4C28-B8CF-E30EC4188B33}.Debug|Any CPU.Build.0 = Debug|Any CPU
		{54BDEC4F-0823-4C28-B8CF-E30EC4188B33}.Release|Any CPU.ActiveCfg = Release|Any CPU
		{54BDEC4F-0823-4C28-B8CF-E30EC4188B33}.Release|Any CPU.Build.0 = Release|Any CPU
		{51A14F92-221D-433F-AF00-7810EE3725EA}.Debug|Any CPU.ActiveCfg = Debug|Any CPU
		{51A14F92-221D-433F-AF00-7810EE3725EA}.Debug|Any CPU.Build.0 = Debug|Any CPU
		{51A14F92-221D-433F-AF00-7810EE3725EA}.Release|Any CPU.ActiveCfg = Release|Any CPU
		{51A14F92-221D-433F-AF00-7810EE3725EA}.Release|Any CPU.Build.0 = Release|Any CPU
		{ECC88C41-63DD-4224-BBE6-586D49642DA3}.Debug|Any CPU.ActiveCfg = Debug|Any CPU
		{ECC88C41-63DD-4224-BBE6-586D49642DA3}.Debug|Any CPU.Build.0 = Debug|Any CPU
		{ECC88C41-63DD-4224-BBE6-586D49642DA3}.Release|Any CPU.ActiveCfg = Release|Any CPU
		{ECC88C41-63DD-4224-BBE6-586D49642DA3}.Release|Any CPU.Build.0 = Release|Any CPU
		{9718011A-A622-426E-B3C9-87A7C0EB4749}.Debug|Any CPU.ActiveCfg = Debug|Any CPU
		{9718011A-A622-426E-B3C9-87A7C0EB4749}.Debug|Any CPU.Build.0 = Debug|Any CPU
		{9718011A-A622-426E-B3C9-87A7C0EB4749}.Release|Any CPU.ActiveCfg = Release|Any CPU
		{9718011A-A622-426E-B3C9-87A7C0EB4749}.Release|Any CPU.Build.0 = Release|Any CPU
		{C5ED2D57-15EF-4411-9529-9A9F97C11257}.Debug|Any CPU.ActiveCfg = Debug|Any CPU
		{C5ED2D57-15EF-4411-9529-9A9F97C11257}.Debug|Any CPU.Build.0 = Debug|Any CPU
		{C5ED2D57-15EF-4411-9529-9A9F97C11257}.Release|Any CPU.ActiveCfg = Release|Any CPU
		{C5ED2D57-15EF-4411-9529-9A9F97C11257}.Release|Any CPU.Build.0 = Release|Any CPU
		{C5476D3F-5C65-46AA-92B1-788315A63C75}.Debug|Any CPU.ActiveCfg = Debug|Any CPU
		{C5476D3F-5C65-46AA-92B1-788315A63C75}.Debug|Any CPU.Build.0 = Debug|Any CPU
		{C5476D3F-5C65-46AA-92B1-788315A63C75}.Release|Any CPU.ActiveCfg = Release|Any CPU
		{C5476D3F-5C65-46AA-92B1-788315A63C75}.Release|Any CPU.Build.0 = Release|Any CPU
		{387C5956-FED7-46EB-992E-FD81F56B4D9D}.Debug|Any CPU.ActiveCfg = Debug|Any CPU
		{387C5956-FED7-46EB-992E-FD81F56B4D9D}.Debug|Any CPU.Build.0 = Debug|Any CPU
		{387C5956-FED7-46EB-992E-FD81F56B4D9D}.Release|Any CPU.ActiveCfg = Release|Any CPU
		{387C5956-FED7-46EB-992E-FD81F56B4D9D}.Release|Any CPU.Build.0 = Release|Any CPU
		{A5A2C7AE-F25D-437B-9FE7-55BA3EA31765}.Debug|Any CPU.ActiveCfg = Debug|Any CPU
		{A5A2C7AE-F25D-437B-9FE7-55BA3EA31765}.Debug|Any CPU.Build.0 = Debug|Any CPU
		{A5A2C7AE-F25D-437B-9FE7-55BA3EA31765}.Release|Any CPU.ActiveCfg = Release|Any CPU
		{A5A2C7AE-F25D-437B-9FE7-55BA3EA31765}.Release|Any CPU.Build.0 = Release|Any CPU
	EndGlobalSection
	GlobalSection(NestedProjects) = preSolution
		{63FAB476-6780-4013-8907-B5227A854DC0} = {6BDC5429-4736-4E42-A99C-84AAB2080703}
		{2F787133-2F00-413E-93C7-C05624A7F0D0} = {6BDC5429-4736-4E42-A99C-84AAB2080703}
		{072D201D-20AA-413F-878A-E9D7E586588F} = {0378BADB-85B3-4318-9C1E-EA56961961D4}
		{EFAEE491-6909-401F-A488-3FAA0EBA5E80} = {0378BADB-85B3-4318-9C1E-EA56961961D4}
		{859BFE12-A0BD-4A60-922F-3321FFD09C65} = {6BDC5429-4736-4E42-A99C-84AAB2080703}
		{8EAE4A52-2892-4683-877A-03091E5BCA3D} = {6BDC5429-4736-4E42-A99C-84AAB2080703}
		{C1ABA5DD-39B1-461C-907F-2DA713BC87BB} = {CFBBF605-68FE-44DE-944C-DCAC8D6D03BD}
		{E1178729-627C-40C1-B27B-39B5D54DC9F2} = {CFBBF605-68FE-44DE-944C-DCAC8D6D03BD}
	EndGlobalSection
EndGlobal
